// !$*UTF8*$!
{
	archiveVersion = 1;
	classes = {
	};
	objectVersion = 46;
	objects = {

/* Begin PBXBuildFile section */
		641D70811FD7406A00CFF975 /* Ascending.mp3 in Resources */ = {isa = PBXBuildFile; fileRef = 641D70801FD7406A00CFF975 /* Ascending.mp3 */; };
		641D70831FD74C3E00CFF975 /* ToneVC.swift in Sources */ = {isa = PBXBuildFile; fileRef = 641D70821FD74C3E00CFF975 /* ToneVC.swift */; };
		6424F9081FB66E3900028D11 /* TrainVC.swift in Sources */ = {isa = PBXBuildFile; fileRef = 6424F9071FB66E3900028D11 /* TrainVC.swift */; };
		6457AF601FE2CE6000E3225D /* Danger.mp3 in Resources */ = {isa = PBXBuildFile; fileRef = 6457AF5F1FE2CE6000E3225D /* Danger.mp3 */; };
		646E1F911FB5008A00012C8C /* AppDelegate.swift in Sources */ = {isa = PBXBuildFile; fileRef = 646E1F901FB5008A00012C8C /* AppDelegate.swift */; };
		646E1F931FB5008A00012C8C /* MainVC.swift in Sources */ = {isa = PBXBuildFile; fileRef = 646E1F921FB5008A00012C8C /* MainVC.swift */; };
		646E1F961FB5008A00012C8C /* Main.storyboard in Resources */ = {isa = PBXBuildFile; fileRef = 646E1F941FB5008A00012C8C /* Main.storyboard */; };
		646E1F981FB5008A00012C8C /* Assets.xcassets in Resources */ = {isa = PBXBuildFile; fileRef = 646E1F971FB5008A00012C8C /* Assets.xcassets */; };
		646E1F9B1FB5008A00012C8C /* LaunchScreen.storyboard in Resources */ = {isa = PBXBuildFile; fileRef = 646E1F991FB5008A00012C8C /* LaunchScreen.storyboard */; };
		646E1FA31FB505BA00012C8C /* MainCell.swift in Sources */ = {isa = PBXBuildFile; fileRef = 646E1FA21FB505BA00012C8C /* MainCell.swift */; };
		646E1FA51FB50DC300012C8C /* TheDayCellVC.swift in Sources */ = {isa = PBXBuildFile; fileRef = 646E1FA41FB50DC300012C8C /* TheDayCellVC.swift */; };
		646E1FA71FB50DF900012C8C /* DayTableVC.swift in Sources */ = {isa = PBXBuildFile; fileRef = 646E1FA61FB50DF900012C8C /* DayTableVC.swift */; };
		646E1FA91FB5123800012C8C /* TrainListVC.swift in Sources */ = {isa = PBXBuildFile; fileRef = 646E1FA81FB5123800012C8C /* TrainListVC.swift */; };
		646E1FAB1FB5127000012C8C /* TrainListCellVC.swift in Sources */ = {isa = PBXBuildFile; fileRef = 646E1FAA1FB5127000012C8C /* TrainListCellVC.swift */; };
		648CC92D1FC738D500F5F58C /* Alarm.mp3 in Resources */ = {isa = PBXBuildFile; fileRef = 648CC92C1FC738D500F5F58C /* Alarm.mp3 */; };
		A9897C6808FB448349A1A46F /* Pods_Tiger_Gym.framework in Frameworks */ = {isa = PBXBuildFile; fileRef = 0F4B68694BA725AFD6CB55F0 /* Pods_Tiger_Gym.framework */; };
		E21E5A672438CBC100DF6BAB /* ScheduleData.swift in Sources */ = {isa = PBXBuildFile; fileRef = E21E5A662438CBC100DF6BAB /* ScheduleData.swift */; };
		E23C30C62445F3E1000B41C0 /* UserDefaultManger.swift in Sources */ = {isa = PBXBuildFile; fileRef = E23C30C52445F3E1000B41C0 /* UserDefaultManger.swift */; };
		E23C30CC2445FDFD000B41C0 /* R.generated.swift in Sources */ = {isa = PBXBuildFile; fileRef = E23C30CB2445FDFD000B41C0 /* R.generated.swift */; };
		E23C30D024466CC7000B41C0 /* Constants.swift in Sources */ = {isa = PBXBuildFile; fileRef = E23C30CF24466CC7000B41C0 /* Constants.swift */; };
/* End PBXBuildFile section */

/* Begin PBXFileReference section */
		0F4B68694BA725AFD6CB55F0 /* Pods_Tiger_Gym.framework */ = {isa = PBXFileReference; explicitFileType = wrapper.framework; includeInIndex = 0; path = Pods_Tiger_Gym.framework; sourceTree = BUILT_PRODUCTS_DIR; };
		641D70801FD7406A00CFF975 /* Ascending.mp3 */ = {isa = PBXFileReference; lastKnownFileType = audio.mp3; name = Ascending.mp3; path = ../Ascending.mp3; sourceTree = "<group>"; };
		641D70821FD74C3E00CFF975 /* ToneVC.swift */ = {isa = PBXFileReference; fileEncoding = 4; lastKnownFileType = sourcecode.swift; path = ToneVC.swift; sourceTree = "<group>"; };
		6424F9071FB66E3900028D11 /* TrainVC.swift */ = {isa = PBXFileReference; fileEncoding = 4; lastKnownFileType = sourcecode.swift; path = TrainVC.swift; sourceTree = "<group>"; };
		6457AF5F1FE2CE6000E3225D /* Danger.mp3 */ = {isa = PBXFileReference; lastKnownFileType = audio.mp3; name = Danger.mp3; path = ../Danger.mp3; sourceTree = "<group>"; };
		646E1F8D1FB5008A00012C8C /* Tiger Gym.app */ = {isa = PBXFileReference; explicitFileType = wrapper.application; includeInIndex = 0; path = "Tiger Gym.app"; sourceTree = BUILT_PRODUCTS_DIR; };
		646E1F901FB5008A00012C8C /* AppDelegate.swift */ = {isa = PBXFileReference; lastKnownFileType = sourcecode.swift; path = AppDelegate.swift; sourceTree = "<group>"; };
		646E1F921FB5008A00012C8C /* MainVC.swift */ = {isa = PBXFileReference; lastKnownFileType = sourcecode.swift; path = MainVC.swift; sourceTree = "<group>"; };
		646E1F951FB5008A00012C8C /* Base */ = {isa = PBXFileReference; lastKnownFileType = file.storyboard; name = Base; path = Base.lproj/Main.storyboard; sourceTree = "<group>"; };
		646E1F971FB5008A00012C8C /* Assets.xcassets */ = {isa = PBXFileReference; lastKnownFileType = folder.assetcatalog; path = Assets.xcassets; sourceTree = "<group>"; };
		646E1F9A1FB5008A00012C8C /* Base */ = {isa = PBXFileReference; lastKnownFileType = file.storyboard; name = Base; path = Base.lproj/LaunchScreen.storyboard; sourceTree = "<group>"; };
		646E1F9C1FB5008A00012C8C /* Info.plist */ = {isa = PBXFileReference; lastKnownFileType = text.plist.xml; path = Info.plist; sourceTree = "<group>"; };
		646E1FA21FB505BA00012C8C /* MainCell.swift */ = {isa = PBXFileReference; fileEncoding = 4; lastKnownFileType = sourcecode.swift; path = MainCell.swift; sourceTree = "<group>"; };
		646E1FA41FB50DC300012C8C /* TheDayCellVC.swift */ = {isa = PBXFileReference; fileEncoding = 4; lastKnownFileType = sourcecode.swift; path = TheDayCellVC.swift; sourceTree = "<group>"; };
		646E1FA61FB50DF900012C8C /* DayTableVC.swift */ = {isa = PBXFileReference; fileEncoding = 4; lastKnownFileType = sourcecode.swift; path = DayTableVC.swift; sourceTree = "<group>"; };
		646E1FA81FB5123800012C8C /* TrainListVC.swift */ = {isa = PBXFileReference; fileEncoding = 4; lastKnownFileType = sourcecode.swift; path = TrainListVC.swift; sourceTree = "<group>"; };
		646E1FAA1FB5127000012C8C /* TrainListCellVC.swift */ = {isa = PBXFileReference; fileEncoding = 4; lastKnownFileType = sourcecode.swift; path = TrainListCellVC.swift; sourceTree = "<group>"; };
		648CC92C1FC738D500F5F58C /* Alarm.mp3 */ = {isa = PBXFileReference; lastKnownFileType = audio.mp3; name = Alarm.mp3; path = ../Alarm.mp3; sourceTree = "<group>"; };
		7E21816775A24FB35F1DA232 /* Pods-Tiger Gym.debug.xcconfig */ = {isa = PBXFileReference; includeInIndex = 1; lastKnownFileType = text.xcconfig; name = "Pods-Tiger Gym.debug.xcconfig"; path = "Target Support Files/Pods-Tiger Gym/Pods-Tiger Gym.debug.xcconfig"; sourceTree = "<group>"; };
		CDA945D0020A6C4A6F4E5968 /* Pods-Tiger Gym.release.xcconfig */ = {isa = PBXFileReference; includeInIndex = 1; lastKnownFileType = text.xcconfig; name = "Pods-Tiger Gym.release.xcconfig"; path = "Target Support Files/Pods-Tiger Gym/Pods-Tiger Gym.release.xcconfig"; sourceTree = "<group>"; };
		E21E5A662438CBC100DF6BAB /* ScheduleData.swift */ = {isa = PBXFileReference; lastKnownFileType = sourcecode.swift; path = ScheduleData.swift; sourceTree = "<group>"; };
		E23C30C52445F3E1000B41C0 /* UserDefaultManger.swift */ = {isa = PBXFileReference; lastKnownFileType = sourcecode.swift; path = UserDefaultManger.swift; sourceTree = "<group>"; };
		E23C30CB2445FDFD000B41C0 /* R.generated.swift */ = {isa = PBXFileReference; fileEncoding = 4; lastKnownFileType = sourcecode.swift; path = R.generated.swift; sourceTree = SOURCE_ROOT; };
		E23C30CF24466CC7000B41C0 /* Constants.swift */ = {isa = PBXFileReference; lastKnownFileType = sourcecode.swift; path = Constants.swift; sourceTree = "<group>"; };
/* End PBXFileReference section */

/* Begin PBXFrameworksBuildPhase section */
		646E1F8A1FB5008900012C8C /* Frameworks */ = {
			isa = PBXFrameworksBuildPhase;
			buildActionMask = 2147483647;
			files = (
				A9897C6808FB448349A1A46F /* Pods_Tiger_Gym.framework in Frameworks */,
			);
			runOnlyForDeploymentPostprocessing = 0;
		};
/* End PBXFrameworksBuildPhase section */

/* Begin PBXGroup section */
		641C33491FC72D10003FC772 /* Tones */ = {
			isa = PBXGroup;
			children = (
				641D70801FD7406A00CFF975 /* Ascending.mp3 */,
				6457AF5F1FE2CE6000E3225D /* Danger.mp3 */,
				648CC92C1FC738D500F5F58C /* Alarm.mp3 */,
			);
			name = Tones;
			sourceTree = "<group>";
		};
		646E1F841FB5008900012C8C = {
			isa = PBXGroup;
			children = (
				646E1F8F1FB5008A00012C8C /* Tiger Gym */,
				646E1F8E1FB5008A00012C8C /* Products */,
				F5595A957AB0DF1155943B32 /* Pods */,
				B257226E1D4FE81107568A49 /* Frameworks */,
			);
			sourceTree = "<group>";
		};
		646E1F8E1FB5008A00012C8C /* Products */ = {
			isa = PBXGroup;
			children = (
				646E1F8D1FB5008A00012C8C /* Tiger Gym.app */,
			);
			name = Products;
			sourceTree = "<group>";
		};
		646E1F8F1FB5008A00012C8C /* Tiger Gym */ = {
			isa = PBXGroup;
			children = (
				646E1F901FB5008A00012C8C /* AppDelegate.swift */,
				E23C30C52445F3E1000B41C0 /* UserDefaultManger.swift */,
				E21E5A682438CBCF00DF6BAB /* Model */,
				E267B4CF23EF485D00835BAD /* View */,
				E20F2E42234D487C00DE63C1 /* Controller */,
				E29FD14D244219D6002DA24C /* Resources */,
				646E1F9C1FB5008A00012C8C /* Info.plist */,
			);
			path = "Tiger Gym";
			sourceTree = "<group>";
		};
		B257226E1D4FE81107568A49 /* Frameworks */ = {
			isa = PBXGroup;
			children = (
				0F4B68694BA725AFD6CB55F0 /* Pods_Tiger_Gym.framework */,
			);
			name = Frameworks;
			sourceTree = "<group>";
		};
		E20F2E42234D487C00DE63C1 /* Controller */ = {
			isa = PBXGroup;
			children = (
				646E1F921FB5008A00012C8C /* MainVC.swift */,
				646E1FA61FB50DF900012C8C /* DayTableVC.swift */,
				646E1FA81FB5123800012C8C /* TrainListVC.swift */,
				6424F9071FB66E3900028D11 /* TrainVC.swift */,
				641D70821FD74C3E00CFF975 /* ToneVC.swift */,
			);
			name = Controller;
			sourceTree = "<group>";
		};
		E20F2E43234D48AA00DE63C1 /* Cells */ = {
			isa = PBXGroup;
			children = (
				646E1FA21FB505BA00012C8C /* MainCell.swift */,
				646E1FA41FB50DC300012C8C /* TheDayCellVC.swift */,
				646E1FAA1FB5127000012C8C /* TrainListCellVC.swift */,
			);
			name = Cells;
			sourceTree = "<group>";
		};
		E21E5A682438CBCF00DF6BAB /* Model */ = {
			isa = PBXGroup;
			children = (
				E21E5A662438CBC100DF6BAB /* ScheduleData.swift */,
			);
			name = Model;
			sourceTree = "<group>";
		};
		E267B4CF23EF485D00835BAD /* View */ = {
			isa = PBXGroup;
			children = (
				E29FD14E24421A3F002DA24C /* Storyboard */,
				E20F2E43234D48AA00DE63C1 /* Cells */,
			);
			name = View;
			sourceTree = "<group>";
		};
		E29FD14D244219D6002DA24C /* Resources */ = {
			isa = PBXGroup;
			children = (
				641C33491FC72D10003FC772 /* Tones */,
				646E1F971FB5008A00012C8C /* Assets.xcassets */,
				E23C30CF24466CC7000B41C0 /* Constants.swift */,
				E23C30CB2445FDFD000B41C0 /* R.generated.swift */,
			);
			name = Resources;
			sourceTree = "<group>";
		};
		E29FD14E24421A3F002DA24C /* Storyboard */ = {
			isa = PBXGroup;
			children = (
				646E1F991FB5008A00012C8C /* LaunchScreen.storyboard */,
				646E1F941FB5008A00012C8C /* Main.storyboard */,
			);
			name = Storyboard;
			sourceTree = "<group>";
		};
		F5595A957AB0DF1155943B32 /* Pods */ = {
			isa = PBXGroup;
			children = (
				7E21816775A24FB35F1DA232 /* Pods-Tiger Gym.debug.xcconfig */,
				CDA945D0020A6C4A6F4E5968 /* Pods-Tiger Gym.release.xcconfig */,
			);
			path = Pods;
			sourceTree = "<group>";
		};
/* End PBXGroup section */

/* Begin PBXNativeTarget section */
		646E1F8C1FB5008900012C8C /* Tiger Gym */ = {
			isa = PBXNativeTarget;
			buildConfigurationList = 646E1F9F1FB5008A00012C8C /* Build configuration list for PBXNativeTarget "Tiger Gym" */;
			buildPhases = (
				44F3A1F465B147887F1CCC86 /* [CP] Check Pods Manifest.lock */,
				E29FD14A2442192F002DA24C /* ShellScript */,
				646E1F891FB5008900012C8C /* Sources */,
				646E1F8A1FB5008900012C8C /* Frameworks */,
				646E1F8B1FB5008900012C8C /* Resources */,
				6B305CEFFFDBBFEA4CFEDC7F /* [CP] Embed Pods Frameworks */,
			);
			buildRules = (
			);
			dependencies = (
			);
			name = "Tiger Gym";
			productName = "Tiger Gym";
			productReference = 646E1F8D1FB5008A00012C8C /* Tiger Gym.app */;
			productType = "com.apple.product-type.application";
		};
/* End PBXNativeTarget section */

/* Begin PBXProject section */
		646E1F851FB5008900012C8C /* Project object */ = {
			isa = PBXProject;
			attributes = {
				LastSwiftUpdateCheck = 0830;
				LastUpgradeCheck = 1030;
				ORGANIZATIONNAME = "Mohamed Elshaer";
				TargetAttributes = {
					646E1F8C1FB5008900012C8C = {
						CreatedOnToolsVersion = 8.3.3;
						DevelopmentTeam = D8KGAL2H5J;
						ProvisioningStyle = Automatic;
					};
				};
			};
			buildConfigurationList = 646E1F881FB5008900012C8C /* Build configuration list for PBXProject "Tiger Gym" */;
			compatibilityVersion = "Xcode 3.2";
			developmentRegion = en;
			hasScannedForEncodings = 0;
			knownRegions = (
				en,
				Base,
			);
			mainGroup = 646E1F841FB5008900012C8C;
			productRefGroup = 646E1F8E1FB5008A00012C8C /* Products */;
			projectDirPath = "";
			projectRoot = "";
			targets = (
				646E1F8C1FB5008900012C8C /* Tiger Gym */,
			);
		};
/* End PBXProject section */

/* Begin PBXResourcesBuildPhase section */
		646E1F8B1FB5008900012C8C /* Resources */ = {
			isa = PBXResourcesBuildPhase;
			buildActionMask = 2147483647;
			files = (
				648CC92D1FC738D500F5F58C /* Alarm.mp3 in Resources */,
				641D70811FD7406A00CFF975 /* Ascending.mp3 in Resources */,
				646E1F9B1FB5008A00012C8C /* LaunchScreen.storyboard in Resources */,
				646E1F981FB5008A00012C8C /* Assets.xcassets in Resources */,
				646E1F961FB5008A00012C8C /* Main.storyboard in Resources */,
				6457AF601FE2CE6000E3225D /* Danger.mp3 in Resources */,
			);
			runOnlyForDeploymentPostprocessing = 0;
		};
/* End PBXResourcesBuildPhase section */

/* Begin PBXShellScriptBuildPhase section */
		44F3A1F465B147887F1CCC86 /* [CP] Check Pods Manifest.lock */ = {
			isa = PBXShellScriptBuildPhase;
			buildActionMask = 2147483647;
			files = (
			);
			inputFileListPaths = (
			);
			inputPaths = (
				"${PODS_PODFILE_DIR_PATH}/Podfile.lock",
				"${PODS_ROOT}/Manifest.lock",
			);
			name = "[CP] Check Pods Manifest.lock";
			outputFileListPaths = (
			);
			outputPaths = (
				"$(DERIVED_FILE_DIR)/Pods-Tiger Gym-checkManifestLockResult.txt",
			);
			runOnlyForDeploymentPostprocessing = 0;
			shellPath = /bin/sh;
			shellScript = "diff \"${PODS_PODFILE_DIR_PATH}/Podfile.lock\" \"${PODS_ROOT}/Manifest.lock\" > /dev/null\nif [ $? != 0 ] ; then\n    # print error to STDERR\n    echo \"error: The sandbox is not in sync with the Podfile.lock. Run 'pod install' or update your CocoaPods installation.\" >&2\n    exit 1\nfi\n# This output is used by Xcode 'outputs' to avoid re-running this script phase.\necho \"SUCCESS\" > \"${SCRIPT_OUTPUT_FILE_0}\"\n";
			showEnvVarsInLog = 0;
		};
		6B305CEFFFDBBFEA4CFEDC7F /* [CP] Embed Pods Frameworks */ = {
			isa = PBXShellScriptBuildPhase;
			buildActionMask = 2147483647;
			files = (
			);
			inputPaths = (
				"${PODS_ROOT}/Target Support Files/Pods-Tiger Gym/Pods-Tiger Gym-frameworks.sh",
				"${BUILT_PRODUCTS_DIR}/R.swift.Library/Rswift.framework",
			);
			name = "[CP] Embed Pods Frameworks";
			outputPaths = (
				"${TARGET_BUILD_DIR}/${FRAMEWORKS_FOLDER_PATH}/Rswift.framework",
			);
			runOnlyForDeploymentPostprocessing = 0;
			shellPath = /bin/sh;
			shellScript = "\"${PODS_ROOT}/Target Support Files/Pods-Tiger Gym/Pods-Tiger Gym-frameworks.sh\"\n";
			showEnvVarsInLog = 0;
		};
		E29FD14A2442192F002DA24C /* ShellScript */ = {
			isa = PBXShellScriptBuildPhase;
			buildActionMask = 2147483647;
			files = (
			);
			inputFileListPaths = (
			);
			inputPaths = (
				"$TEMP_DIR/rswift-lastrun",
			);
			outputFileListPaths = (
			);
			outputPaths = (
				$SRCROOT/R.generated.swift,
			);
			runOnlyForDeploymentPostprocessing = 0;
			shellPath = /bin/sh;
			shellScript = "# Type a script or drag a script file from your workspace to insert its path.\n\"$PODS_ROOT/R.swift/rswift\" generate \"$SRCROOT/R.generated.swift\"\n\n";
		};
/* End PBXShellScriptBuildPhase section */

/* Begin PBXSourcesBuildPhase section */
		646E1F891FB5008900012C8C /* Sources */ = {
			isa = PBXSourcesBuildPhase;
			buildActionMask = 2147483647;
			files = (
				6424F9081FB66E3900028D11 /* TrainVC.swift in Sources */,
				646E1F931FB5008A00012C8C /* MainVC.swift in Sources */,
				646E1FA91FB5123800012C8C /* TrainListVC.swift in Sources */,
				646E1FAB1FB5127000012C8C /* TrainListCellVC.swift in Sources */,
				646E1FA71FB50DF900012C8C /* DayTableVC.swift in Sources */,
				E21E5A672438CBC100DF6BAB /* ScheduleData.swift in Sources */,
				646E1FA51FB50DC300012C8C /* TheDayCellVC.swift in Sources */,
				E23C30D024466CC7000B41C0 /* Constants.swift in Sources */,
				646E1F911FB5008A00012C8C /* AppDelegate.swift in Sources */,
				646E1FA31FB505BA00012C8C /* MainCell.swift in Sources */,
				E23C30C62445F3E1000B41C0 /* UserDefaultManger.swift in Sources */,
				641D70831FD74C3E00CFF975 /* ToneVC.swift in Sources */,
				E23C30CC2445FDFD000B41C0 /* R.generated.swift in Sources */,
			);
			runOnlyForDeploymentPostprocessing = 0;
		};
/* End PBXSourcesBuildPhase section */

/* Begin PBXVariantGroup section */
		646E1F941FB5008A00012C8C /* Main.storyboard */ = {
			isa = PBXVariantGroup;
			children = (
				646E1F951FB5008A00012C8C /* Base */,
			);
			name = Main.storyboard;
			sourceTree = "<group>";
		};
		646E1F991FB5008A00012C8C /* LaunchScreen.storyboard */ = {
			isa = PBXVariantGroup;
			children = (
				646E1F9A1FB5008A00012C8C /* Base */,
			);
			name = LaunchScreen.storyboard;
			sourceTree = "<group>";
		};
/* End PBXVariantGroup section */

/* Begin XCBuildConfiguration section */
		646E1F9D1FB5008A00012C8C /* Debug */ = {
			isa = XCBuildConfiguration;
			buildSettings = {
				ALWAYS_SEARCH_USER_PATHS = NO;
				CLANG_ANALYZER_NONNULL = YES;
				CLANG_ANALYZER_NUMBER_OBJECT_CONVERSION = YES_AGGRESSIVE;
				CLANG_CXX_LANGUAGE_STANDARD = "gnu++0x";
				CLANG_CXX_LIBRARY = "libc++";
				CLANG_ENABLE_MODULES = YES;
				CLANG_ENABLE_OBJC_ARC = YES;
				CLANG_WARN_BLOCK_CAPTURE_AUTORELEASING = YES;
				CLANG_WARN_BOOL_CONVERSION = YES;
				CLANG_WARN_COMMA = YES;
				CLANG_WARN_CONSTANT_CONVERSION = YES;
				CLANG_WARN_DEPRECATED_OBJC_IMPLEMENTATIONS = YES;
				CLANG_WARN_DIRECT_OBJC_ISA_USAGE = YES_ERROR;
				CLANG_WARN_DOCUMENTATION_COMMENTS = YES;
				CLANG_WARN_EMPTY_BODY = YES;
				CLANG_WARN_ENUM_CONVERSION = YES;
				CLANG_WARN_INFINITE_RECURSION = YES;
				CLANG_WARN_INT_CONVERSION = YES;
				CLANG_WARN_NON_LITERAL_NULL_CONVERSION = YES;
				CLANG_WARN_OBJC_IMPLICIT_RETAIN_SELF = YES;
				CLANG_WARN_OBJC_LITERAL_CONVERSION = YES;
				CLANG_WARN_OBJC_ROOT_CLASS = YES_ERROR;
				CLANG_WARN_RANGE_LOOP_ANALYSIS = YES;
				CLANG_WARN_STRICT_PROTOTYPES = YES;
				CLANG_WARN_SUSPICIOUS_MOVE = YES;
				CLANG_WARN_UNREACHABLE_CODE = YES;
				CLANG_WARN__DUPLICATE_METHOD_MATCH = YES;
				"CODE_SIGN_IDENTITY[sdk=iphoneos*]" = "iPhone Developer";
				COPY_PHASE_STRIP = NO;
				DEBUG_INFORMATION_FORMAT = dwarf;
				ENABLE_STRICT_OBJC_MSGSEND = YES;
				ENABLE_TESTABILITY = YES;
				GCC_C_LANGUAGE_STANDARD = gnu99;
				GCC_DYNAMIC_NO_PIC = NO;
				GCC_NO_COMMON_BLOCKS = YES;
				GCC_OPTIMIZATION_LEVEL = 0;
				GCC_PREPROCESSOR_DEFINITIONS = (
					"DEBUG=1",
					"$(inherited)",
				);
				GCC_WARN_64_TO_32_BIT_CONVERSION = YES;
				GCC_WARN_ABOUT_RETURN_TYPE = YES_ERROR;
				GCC_WARN_UNDECLARED_SELECTOR = YES;
				GCC_WARN_UNINITIALIZED_AUTOS = YES_AGGRESSIVE;
				GCC_WARN_UNUSED_FUNCTION = YES;
				GCC_WARN_UNUSED_VARIABLE = YES;
				IPHONEOS_DEPLOYMENT_TARGET = 10.3;
				MTL_ENABLE_DEBUG_INFO = YES;
				ONLY_ACTIVE_ARCH = YES;
				SDKROOT = iphoneos;
				SWIFT_ACTIVE_COMPILATION_CONDITIONS = DEBUG;
				SWIFT_OPTIMIZATION_LEVEL = "-Onone";
				SWIFT_VERSION = 4.0;
			};
			name = Debug;
		};
		646E1F9E1FB5008A00012C8C /* Release */ = {
			isa = XCBuildConfiguration;
			buildSettings = {
				ALWAYS_SEARCH_USER_PATHS = NO;
				CLANG_ANALYZER_NONNULL = YES;
				CLANG_ANALYZER_NUMBER_OBJECT_CONVERSION = YES_AGGRESSIVE;
				CLANG_CXX_LANGUAGE_STANDARD = "gnu++0x";
				CLANG_CXX_LIBRARY = "libc++";
				CLANG_ENABLE_MODULES = YES;
				CLANG_ENABLE_OBJC_ARC = YES;
				CLANG_WARN_BLOCK_CAPTURE_AUTORELEASING = YES;
				CLANG_WARN_BOOL_CONVERSION = YES;
				CLANG_WARN_COMMA = YES;
				CLANG_WARN_CONSTANT_CONVERSION = YES;
				CLANG_WARN_DEPRECATED_OBJC_IMPLEMENTATIONS = YES;
				CLANG_WARN_DIRECT_OBJC_ISA_USAGE = YES_ERROR;
				CLANG_WARN_DOCUMENTATION_COMMENTS = YES;
				CLANG_WARN_EMPTY_BODY = YES;
				CLANG_WARN_ENUM_CONVERSION = YES;
				CLANG_WARN_INFINITE_RECURSION = YES;
				CLANG_WARN_INT_CONVERSION = YES;
				CLANG_WARN_NON_LITERAL_NULL_CONVERSION = YES;
				CLANG_WARN_OBJC_IMPLICIT_RETAIN_SELF = YES;
				CLANG_WARN_OBJC_LITERAL_CONVERSION = YES;
				CLANG_WARN_OBJC_ROOT_CLASS = YES_ERROR;
				CLANG_WARN_RANGE_LOOP_ANALYSIS = YES;
				CLANG_WARN_STRICT_PROTOTYPES = YES;
				CLANG_WARN_SUSPICIOUS_MOVE = YES;
				CLANG_WARN_UNREACHABLE_CODE = YES;
				CLANG_WARN__DUPLICATE_METHOD_MATCH = YES;
				"CODE_SIGN_IDENTITY[sdk=iphoneos*]" = "iPhone Developer";
				COPY_PHASE_STRIP = NO;
				DEBUG_INFORMATION_FORMAT = "dwarf-with-dsym";
				ENABLE_NS_ASSERTIONS = NO;
				ENABLE_STRICT_OBJC_MSGSEND = YES;
				GCC_C_LANGUAGE_STANDARD = gnu99;
				GCC_NO_COMMON_BLOCKS = YES;
				GCC_WARN_64_TO_32_BIT_CONVERSION = YES;
				GCC_WARN_ABOUT_RETURN_TYPE = YES_ERROR;
				GCC_WARN_UNDECLARED_SELECTOR = YES;
				GCC_WARN_UNINITIALIZED_AUTOS = YES_AGGRESSIVE;
				GCC_WARN_UNUSED_FUNCTION = YES;
				GCC_WARN_UNUSED_VARIABLE = YES;
				IPHONEOS_DEPLOYMENT_TARGET = 10.3;
				MTL_ENABLE_DEBUG_INFO = NO;
				SDKROOT = iphoneos;
				SWIFT_OPTIMIZATION_LEVEL = "-Owholemodule";
				SWIFT_VERSION = 4.0;
				VALIDATE_PRODUCT = YES;
			};
			name = Release;
		};
		646E1FA01FB5008A00012C8C /* Debug */ = {
			isa = XCBuildConfiguration;
			baseConfigurationReference = 7E21816775A24FB35F1DA232 /* Pods-Tiger Gym.debug.xcconfig */;
			buildSettings = {
				ASSETCATALOG_COMPILER_APPICON_NAME = AppIcon;
				DEVELOPMENT_TEAM = D8KGAL2H5J;
				INFOPLIST_FILE = "Tiger Gym/Info.plist";
				IPHONEOS_DEPLOYMENT_TARGET = 11.4;
				LD_RUNPATH_SEARCH_PATHS = "$(inherited) @executable_path/Frameworks";
				PRODUCT_BUNDLE_IDENTIFIER = "Mohamed-Elshaer.Tiger-Gym";
				PRODUCT_NAME = "$(TARGET_NAME)";
				SWIFT_VERSION = 4.0;
			};
			name = Debug;
		};
		646E1FA11FB5008A00012C8C /* Release */ = {
			isa = XCBuildConfiguration;
			baseConfigurationReference = CDA945D0020A6C4A6F4E5968 /* Pods-Tiger Gym.release.xcconfig */;
			buildSettings = {
				ASSETCATALOG_COMPILER_APPICON_NAME = AppIcon;
				DEVELOPMENT_TEAM = D8KGAL2H5J;
				INFOPLIST_FILE = "Tiger Gym/Info.plist";
				IPHONEOS_DEPLOYMENT_TARGET = 11.4;
				LD_RUNPATH_SEARCH_PATHS = "$(inherited) @executable_path/Frameworks";
				PRODUCT_BUNDLE_IDENTIFIER = "Mohamed-Elshaer.Tiger-Gym";
				PRODUCT_NAME = "$(TARGET_NAME)";
				SWIFT_VERSION = 4.0;
			};
			name = Release;
		};
/* End XCBuildConfiguration section */

/* Begin XCConfigurationList section */
		646E1F881FB5008900012C8C /* Build configuration list for PBXProject "Tiger Gym" */ = {
			isa = XCConfigurationList;
			buildConfigurations = (
				646E1F9D1FB5008A00012C8C /* Debug */,
				646E1F9E1FB5008A00012C8C /* Release */,
			);
			defaultConfigurationIsVisible = 0;
			defaultConfigurationName = Release;
		};
		646E1F9F1FB5008A00012C8C /* Build configuration list for PBXNativeTarget "Tiger Gym" */ = {
			isa = XCConfigurationList;
			buildConfigurations = (
				646E1FA01FB5008A00012C8C /* Debug */,
				646E1FA11FB5008A00012C8C /* Release */,
			);
			defaultConfigurationIsVisible = 0;
			defaultConfigurationName = Release;
		};
/* End XCConfigurationList section */
	};
	rootObject = 646E1F851FB5008900012C8C /* Project object */;
}
